
Microsoft Visual Studio Solution File, Format Version 12.00
# Visual Studio 15
VisualStudioVersion = 15.0.28307.271
MinimumVisualStudioVersion = 10.0.40219.1
Project("{FAE04EC0-301F-11D3-BF4B-00C04F79EFBC}") = "RouletteConsoleApp", "RouletteConsoleApp\RouletteConsoleApp.csproj", "{FE769872-5CBD-41E6-80D8-DDD74385F6AD}"
EndProject
Project("{FAE04EC0-301F-11D3-BF4B-00C04F79EFBC}") = "RouletteLibrary", "RouletteLibrary\RouletteLibrary.csproj", "{E123FE38-D49F-4831-A0AF-4516913E6A38}"
EndProject
Global
	GlobalSection(SolutionConfigurationPlatforms) = preSolution
		Debug|Any CPU = Debug|Any CPU
		Release|Any CPU = Release|Any CPU
	EndGlobalSection
	GlobalSection(ProjectConfigurationPlatforms) = postSolution
		{FE769872-5CBD-41E6-80D8-DDD74385F6AD}.Debug|Any CPU.ActiveCfg = Debug|Any CPU
		{FE769872-5CBD-41E6-80D8-DDD74385F6AD}.Debug|Any CPU.Build.0 = Debug|Any CPU
		{FE769872-5CBD-41E6-80D8-DDD74385F6AD}.Release|Any CPU.ActiveCfg = Release|Any CPU
		{FE769872-5CBD-41E6-80D8-DDD74385F6AD}.Release|Any CPU.Build.0 = Release|Any CPU
		{E123FE38-D49F-4831-A0AF-4516913E6A38}.Debug|Any CPU.ActiveCfg = Debug|Any CPU
		{E123FE38-D49F-4831-A0AF-4516913E6A38}.Debug|Any CPU.Build.0 = Debug|Any CPU
		{E123FE38-D49F-4831-A0AF-4516913E6A38}.Release|Any CPU.ActiveCfg = Release|Any CPU
		{E123FE38-D49F-4831-A0AF-4516913E6A38}.Release|Any CPU.Build.0 = Release|Any CPU
	EndGlobalSection
	GlobalSection(SolutionProperties) = preSolution
		HideSolutionNode = FALSE
	EndGlobalSection
	GlobalSection(ExtensibilityGlobals) = postSolution
		SolutionGuid = {22054E59-7530-4D32-B3C3-DAB53BC157EE}
	EndGlobalSection
EndGlobal
